
Microsoft Visual Studio Solution File, Format Version 12.00
# Visual Studio Version 17
VisualStudioVersion = 17.10.34916.146
MinimumVisualStudioVersion = 10.0.40219.1
Project("{FAE04EC0-301F-11D3-BF4B-00C04F79EFBC}") = "RemediarAPI", "RemediarAPI\RemediarAPI.csproj", "{6DBA2235-849C-49BE-A641-02F1125CD510}"
EndProject
Global
	GlobalSection(SolutionConfigurationPlatforms) = preSolution
		Debug|Any CPU = Debug|Any CPU
		Release|Any CPU = Release|Any CPU
	EndGlobalSection
	GlobalSection(ProjectConfigurationPlatforms) = postSolution
		{6DBA2235-849C-49BE-A641-02F1125CD510}.Debug|Any CPU.ActiveCfg = Debug|Any CPU
		{6DBA2235-849C-49BE-A641-02F1125CD510}.Debug|Any CPU.Build.0 = Debug|Any CPU
		{6DBA2235-849C-49BE-A641-02F1125CD510}.Release|Any CPU.ActiveCfg = Release|Any CPU
		{6DBA2235-849C-49BE-A641-02F1125CD510}.Release|Any CPU.Build.0 = Release|Any CPU
	EndGlobalSection
	GlobalSection(SolutionProperties) = preSolution
		HideSolutionNode = FALSE
	EndGlobalSection
	GlobalSection(ExtensibilityGlobals) = postSolution
		SolutionGuid = {5FEF0877-58B9-4FCC-A889-F8F9A1D1919F}
	EndGlobalSection
EndGlobal
